
Microsoft Visual Studio Solution File, Format Version 12.00
# Visual Studio 15
VisualStudioVersion = 15.0.27004.2009
MinimumVisualStudioVersion = 10.0.40219.1
Project("{FAE04EC0-301F-11D3-BF4B-00C04F79EFBC}") = "PriceCrawler", "PriceCrawler\PriceCrawler.csproj", "{58E213C7-3A84-460F-AD52-596CB33E1AB7}"
EndProject
Project("{54435603-DBB4-11D2-8724-00A0C9A8B90C}") = "Setup", "Setup\Setup.vdproj", "{EF649B85-CCE5-48EB-B81B-CD9E310DB79E}"
EndProject
Global
	GlobalSection(SolutionConfigurationPlatforms) = preSolution
		Debug|Any CPU = Debug|Any CPU
		Release|Any CPU = Release|Any CPU
	EndGlobalSection
	GlobalSection(ProjectConfigurationPlatforms) = postSolution
		{58E213C7-3A84-460F-AD52-596CB33E1AB7}.Debug|Any CPU.ActiveCfg = Debug|Any CPU
		{58E213C7-3A84-460F-AD52-596CB33E1AB7}.Debug|Any CPU.Build.0 = Debug|Any CPU
		{58E213C7-3A84-460F-AD52-596CB33E1AB7}.Release|Any CPU.ActiveCfg = Release|Any CPU
		{58E213C7-3A84-460F-AD52-596CB33E1AB7}.Release|Any CPU.Build.0 = Release|Any CPU
		{EF649B85-CCE5-48EB-B81B-CD9E310DB79E}.Debug|Any CPU.ActiveCfg = Debug
		{EF649B85-CCE5-48EB-B81B-CD9E310DB79E}.Release|Any CPU.ActiveCfg = Release
	EndGlobalSection
	GlobalSection(SolutionProperties) = preSolution
		HideSolutionNode = FALSE
	EndGlobalSection
	GlobalSection(ExtensibilityGlobals) = postSolution
		SolutionGuid = {127044C1-2A64-40F1-B518-7E8856548006}
	EndGlobalSection
EndGlobal
